
Microsoft Visual Studio Solution File, Format Version 12.00
# Visual Studio Version 16
VisualStudioVersion = 16.0.30320.27
MinimumVisualStudioVersion = 10.0.40219.1
Project("{FAE04EC0-301F-11D3-BF4B-00C04F79EFBC}") = "ReverseNum", "ReverseNum.csproj", "{EA679AD4-AE14-406E-8737-05884CE4AB1E}"
EndProject
Global
	GlobalSection(SolutionConfigurationPlatforms) = preSolution
		Debug|Any CPU = Debug|Any CPU
		Release|Any CPU = Release|Any CPU
	EndGlobalSection
	GlobalSection(ProjectConfigurationPlatforms) = postSolution
		{EA679AD4-AE14-406E-8737-05884CE4AB1E}.Debug|Any CPU.ActiveCfg = Debug|Any CPU
		{EA679AD4-AE14-406E-8737-05884CE4AB1E}.Debug|Any CPU.Build.0 = Debug|Any CPU
		{EA679AD4-AE14-406E-8737-05884CE4AB1E}.Release|Any CPU.ActiveCfg = Release|Any CPU
		{EA679AD4-AE14-406E-8737-05884CE4AB1E}.Release|Any CPU.Build.0 = Release|Any CPU
	EndGlobalSection
	GlobalSection(SolutionProperties) = preSolution
		HideSolutionNode = FALSE
	EndGlobalSection
	GlobalSection(ExtensibilityGlobals) = postSolution
		SolutionGuid = {80775191-F8E6-4D90-8765-93BB0C450D89}
	EndGlobalSection
EndGlobal
